
Microsoft Visual Studio Solution File, Format Version 12.00
# Visual Studio 14
VisualStudioVersion = 14.0.25420.1
MinimumVisualStudioVersion = 10.0.40219.1
Project("{FAE04EC0-301F-11D3-BF4B-00C04F79EFBC}") = "FoodSystem.Console", "..\FoodSystem\FoodSystem.Console\FoodSystem.Console.csproj", "{E2459718-3F06-4099-BB14-8A2D4C1D1FB7}"
EndProject
Project("{FAE04EC0-301F-11D3-BF4B-00C04F79EFBC}") = "FoodSystem.Data", "..\Data\FoodSystem.Data\FoodSystem.Data.csproj", "{68F5781A-F583-4635-B2AC-946191D02920}"
EndProject
Project("{FAE04EC0-301F-11D3-BF4B-00C04F79EFBC}") = "FoodSystem", "..\Business\FoodSystem\FoodSystem.csproj", "{59F3ACF9-92FD-4D60-884C-08C7903B05CE}"
EndProject
Project("{FAE04EC0-301F-11D3-BF4B-00C04F79EFBC}") = "FoodSystem.Test", "..\Test\FoodSystem.Test\FoodSystem.Test.csproj", "{9EC8359A-BC8E-4CBF-AE37-F6C575506BF3}"
EndProject
Global
	GlobalSection(SolutionConfigurationPlatforms) = preSolution
		Debug|Any CPU = Debug|Any CPU
		Release|Any CPU = Release|Any CPU
	EndGlobalSection
	GlobalSection(ProjectConfigurationPlatforms) = postSolution
		{E2459718-3F06-4099-BB14-8A2D4C1D1FB7}.Debug|Any CPU.ActiveCfg = Debug|Any CPU
		{E2459718-3F06-4099-BB14-8A2D4C1D1FB7}.Debug|Any CPU.Build.0 = Debug|Any CPU
		{E2459718-3F06-4099-BB14-8A2D4C1D1FB7}.Release|Any CPU.ActiveCfg = Release|Any CPU
		{E2459718-3F06-4099-BB14-8A2D4C1D1FB7}.Release|Any CPU.Build.0 = Release|Any CPU
		{68F5781A-F583-4635-B2AC-946191D02920}.Debug|Any CPU.ActiveCfg = Debug|Any CPU
		{68F5781A-F583-4635-B2AC-946191D02920}.Debug|Any CPU.Build.0 = Debug|Any CPU
		{68F5781A-F583-4635-B2AC-946191D02920}.Release|Any CPU.ActiveCfg = Release|Any CPU
		{68F5781A-F583-4635-B2AC-946191D02920}.Release|Any CPU.Build.0 = Release|Any CPU
		{59F3ACF9-92FD-4D60-884C-08C7903B05CE}.Debug|Any CPU.ActiveCfg = Debug|Any CPU
		{59F3ACF9-92FD-4D60-884C-08C7903B05CE}.Debug|Any CPU.Build.0 = Debug|Any CPU
		{59F3ACF9-92FD-4D60-884C-08C7903B05CE}.Release|Any CPU.ActiveCfg = Release|Any CPU
		{59F3ACF9-92FD-4D60-884C-08C7903B05CE}.Release|Any CPU.Build.0 = Release|Any CPU
		{9EC8359A-BC8E-4CBF-AE37-F6C575506BF3}.Debug|Any CPU.ActiveCfg = Debug|Any CPU
		{9EC8359A-BC8E-4CBF-AE37-F6C575506BF3}.Debug|Any CPU.Build.0 = Debug|Any CPU
		{9EC8359A-BC8E-4CBF-AE37-F6C575506BF3}.Release|Any CPU.ActiveCfg = Release|Any CPU
		{9EC8359A-BC8E-4CBF-AE37-F6C575506BF3}.Release|Any CPU.Build.0 = Release|Any CPU
	EndGlobalSection
	GlobalSection(SolutionProperties) = preSolution
		HideSolutionNode = FALSE
	EndGlobalSection
EndGlobal
